// !$*UTF8*$!
{
	archiveVersion = 1;
	classes = {
	};
	objectVersion = 46;
	objects = {

/* Begin PBXBuildFile section */
		34328E6F1CE6B7810086B5DD /* main.m in Sources */ = {isa = PBXBuildFile; fileRef = 34328E6E1CE6B7810086B5DD /* main.m */; };
		34328E721CE6B7810086B5DD /* AppDelegate.m in Sources */ = {isa = PBXBuildFile; fileRef = 34328E711CE6B7810086B5DD /* AppDelegate.m */; };
		34328E751CE6B7810086B5DD /* ViewController.m in Sources */ = {isa = PBXBuildFile; fileRef = 34328E741CE6B7810086B5DD /* ViewController.m */; };
		34328E781CE6B7810086B5DD /* Main.storyboard in Resources */ = {isa = PBXBuildFile; fileRef = 34328E761CE6B7810086B5DD /* Main.storyboard */; };
		34328E7A1CE6B7810086B5DD /* Assets.xcassets in Resources */ = {isa = PBXBuildFile; fileRef = 34328E791CE6B7810086B5DD /* Assets.xcassets */; };
		34328E7D1CE6B7810086B5DD /* LaunchScreen.storyboard in Resources */ = {isa = PBXBuildFile; fileRef = 34328E7B1CE6B7810086B5DD /* LaunchScreen.storyboard */; };
		34BCC7171CE6BE6D0049B6A2 /* img.png in Resources */ = {isa = PBXBuildFile; fileRef = 34BCC7161CE6BE6D0049B6A2 /* img.png */; };
		34BCC71A1CE6C9080049B6A2 /* Person.m in Sources */ = {isa = PBXBuildFile; fileRef = 34BCC7191CE6C9080049B6A2 /* Person.m */; };
		34BCC7201CE6D5880049B6A2 /* GTMBase64.m in Sources */ = {isa = PBXBuildFile; fileRef = 34BCC71D1CE6D5880049B6A2 /* GTMBase64.m */; settings = {COMPILER_FLAGS = "-fno-objc-arc"; }; };
		34BCC7211CE6D5880049B6A2 /* README.md in Sources */ = {isa = PBXBuildFile; fileRef = 34BCC71F1CE6D5880049B6A2 /* README.md */; };
		34BCC7251CE6F5D00049B6A2 /* RSA.m in Sources */ = {isa = PBXBuildFile; fileRef = 34BCC7241CE6F5D00049B6A2 /* RSA.m */; };
		34BCC7291CE6FA560049B6A2 /* KeychainItemWrapper.m in Sources */ = {isa = PBXBuildFile; fileRef = 34BCC7281CE6FA560049B6A2 /* KeychainItemWrapper.m */; settings = {COMPILER_FLAGS = "-fno-objc-arc"; }; };
/* End PBXBuildFile section */

/* Begin PBXFileReference section */
		34328E6A1CE6B7810086B5DD /* DataEncryption.app */ = {isa = PBXFileReference; explicitFileType = wrapper.application; includeInIndex = 0; path = DataEncryption.app; sourceTree = BUILT_PRODUCTS_DIR; };
		34328E6E1CE6B7810086B5DD /* main.m */ = {isa = PBXFileReference; lastKnownFileType = sourcecode.c.objc; path = main.m; sourceTree = "<group>"; };
		34328E701CE6B7810086B5DD /* AppDelegate.h */ = {isa = PBXFileReference; lastKnownFileType = sourcecode.c.h; path = AppDelegate.h; sourceTree = "<group>"; };
		34328E711CE6B7810086B5DD /* AppDelegate.m */ = {isa = PBXFileReference; lastKnownFileType = sourcecode.c.objc; path = AppDelegate.m; sourceTree = "<group>"; };
		34328E731CE6B7810086B5DD /* ViewController.h */ = {isa = PBXFileReference; lastKnownFileType = sourcecode.c.h; path = ViewController.h; sourceTree = "<group>"; };
		34328E741CE6B7810086B5DD /* ViewController.m */ = {isa = PBXFileReference; lastKnownFileType = sourcecode.c.objc; path = ViewController.m; sourceTree = "<group>"; };
		34328E771CE6B7810086B5DD /* Base */ = {isa = PBXFileReference; lastKnownFileType = file.storyboard; name = Base; path = Base.lproj/Main.storyboard; sourceTree = "<group>"; };
		34328E791CE6B7810086B5DD /* Assets.xcassets */ = {isa = PBXFileReference; lastKnownFileType = folder.assetcatalog; path = Assets.xcassets; sourceTree = "<group>"; };
		34328E7C1CE6B7810086B5DD /* Base */ = {isa = PBXFileReference; lastKnownFileType = file.storyboard; name = Base; path = Base.lproj/LaunchScreen.storyboard; sourceTree = "<group>"; };
		34328E7E1CE6B7810086B5DD /* Info.plist */ = {isa = PBXFileReference; lastKnownFileType = text.plist.xml; path = Info.plist; sourceTree = "<group>"; };
		34BCC7161CE6BE6D0049B6A2 /* img.png */ = {isa = PBXFileReference; lastKnownFileType = image.png; path = img.png; sourceTree = "<group>"; };
		34BCC7181CE6C9080049B6A2 /* Person.h */ = {isa = PBXFileReference; fileEncoding = 4; lastKnownFileType = sourcecode.c.h; path = Person.h; sourceTree = "<group>"; };
		34BCC7191CE6C9080049B6A2 /* Person.m */ = {isa = PBXFileReference; fileEncoding = 4; lastKnownFileType = sourcecode.c.objc; path = Person.m; sourceTree = "<group>"; };
		34BCC71C1CE6D5880049B6A2 /* GTMBase64.h */ = {isa = PBXFileReference; fileEncoding = 4; lastKnownFileType = sourcecode.c.h; path = GTMBase64.h; sourceTree = "<group>"; };
		34BCC71D1CE6D5880049B6A2 /* GTMBase64.m */ = {isa = PBXFileReference; fileEncoding = 4; lastKnownFileType = sourcecode.c.objc; path = GTMBase64.m; sourceTree = "<group>"; };
		34BCC71E1CE6D5880049B6A2 /* GTMDefines.h */ = {isa = PBXFileReference; fileEncoding = 4; lastKnownFileType = sourcecode.c.h; path = GTMDefines.h; sourceTree = "<group>"; };
		34BCC71F1CE6D5880049B6A2 /* README.md */ = {isa = PBXFileReference; fileEncoding = 4; lastKnownFileType = net.daringfireball.markdown; path = README.md; sourceTree = "<group>"; };
		34BCC7231CE6F5D00049B6A2 /* RSA.h */ = {isa = PBXFileReference; fileEncoding = 4; lastKnownFileType = sourcecode.c.h; path = RSA.h; sourceTree = "<group>"; };
		34BCC7241CE6F5D00049B6A2 /* RSA.m */ = {isa = PBXFileReference; fileEncoding = 4; lastKnownFileType = sourcecode.c.objc; path = RSA.m; sourceTree = "<group>"; };
		34BCC7271CE6FA560049B6A2 /* KeychainItemWrapper.h */ = {isa = PBXFileReference; fileEncoding = 4; lastKnownFileType = sourcecode.c.h; path = KeychainItemWrapper.h; sourceTree = "<group>"; };
		34BCC7281CE6FA560049B6A2 /* KeychainItemWrapper.m */ = {isa = PBXFileReference; fileEncoding = 4; lastKnownFileType = sourcecode.c.objc; path = KeychainItemWrapper.m; sourceTree = "<group>"; };
/* End PBXFileReference section */

/* Begin PBXFrameworksBuildPhase section */
		34328E671CE6B7810086B5DD /* Frameworks */ = {
			isa = PBXFrameworksBuildPhase;
			buildActionMask = 2147483647;
			files = (
			);
			runOnlyForDeploymentPostprocessing = 0;
		};
/* End PBXFrameworksBuildPhase section */

/* Begin PBXGroup section */
		34328E611CE6B7810086B5DD = {
			isa = PBXGroup;
			children = (
				34328E6C1CE6B7810086B5DD /* DataEncryption */,
				34328E6B1CE6B7810086B5DD /* Products */,
			);
			sourceTree = "<group>";
		};
		34328E6B1CE6B7810086B5DD /* Products */ = {
			isa = PBXGroup;
			children = (
				34328E6A1CE6B7810086B5DD /* DataEncryption.app */,
			);
			name = Products;
			sourceTree = "<group>";
		};
		34328E6C1CE6B7810086B5DD /* DataEncryption */ = {
			isa = PBXGroup;
			children = (
				34BCC7161CE6BE6D0049B6A2 /* img.png */,
				34328E701CE6B7810086B5DD /* AppDelegate.h */,
				34328E711CE6B7810086B5DD /* AppDelegate.m */,
				34328E731CE6B7810086B5DD /* ViewController.h */,
				34328E741CE6B7810086B5DD /* ViewController.m */,
				34BCC7181CE6C9080049B6A2 /* Person.h */,
				34BCC7191CE6C9080049B6A2 /* Person.m */,
				34BCC7261CE6FA560049B6A2 /* keyChain */,
				34BCC7221CE6F5D00049B6A2 /* rsa */,
				34BCC71B1CE6D5880049B6A2 /* GTMBase64 */,
				34328E761CE6B7810086B5DD /* Main.storyboard */,
				34328E791CE6B7810086B5DD /* Assets.xcassets */,
				34328E7B1CE6B7810086B5DD /* LaunchScreen.storyboard */,
				34328E7E1CE6B7810086B5DD /* Info.plist */,
				34328E6D1CE6B7810086B5DD /* Supporting Files */,
			);
			path = DataEncryption;
			sourceTree = "<group>";
		};
		34328E6D1CE6B7810086B5DD /* Supporting Files */ = {
			isa = PBXGroup;
			children = (
				34328E6E1CE6B7810086B5DD /* main.m */,
			);
			name = "Supporting Files";
			sourceTree = "<group>";
		};
		34BCC71B1CE6D5880049B6A2 /* GTMBase64 */ = {
			isa = PBXGroup;
			children = (
				34BCC71C1CE6D5880049B6A2 /* GTMBase64.h */,
				34BCC71D1CE6D5880049B6A2 /* GTMBase64.m */,
				34BCC71E1CE6D5880049B6A2 /* GTMDefines.h */,
				34BCC71F1CE6D5880049B6A2 /* README.md */,
			);
			path = GTMBase64;
			sourceTree = "<group>";
		};
		34BCC7221CE6F5D00049B6A2 /* rsa */ = {
			isa = PBXGroup;
			children = (
				34BCC7231CE6F5D00049B6A2 /* RSA.h */,
				34BCC7241CE6F5D00049B6A2 /* RSA.m */,
			);
			path = rsa;
			sourceTree = "<group>";
		};
		34BCC7261CE6FA560049B6A2 /* keyChain */ = {
			isa = PBXGroup;
			children = (
				34BCC7271CE6FA560049B6A2 /* KeychainItemWrapper.h */,
				34BCC7281CE6FA560049B6A2 /* KeychainItemWrapper.m */,
			);
			path = keyChain;
			sourceTree = "<group>";
		};
/* End PBXGroup section */

/* Begin PBXNativeTarget section */
		34328E691CE6B7810086B5DD /* DataEncryption */ = {
			isa = PBXNativeTarget;
			buildConfigurationList = 34328E811CE6B7810086B5DD /* Build configuration list for PBXNativeTarget "DataEncryption" */;
			buildPhases = (
				34328E661CE6B7810086B5DD /* Sources */,
				34328E671CE6B7810086B5DD /* Frameworks */,
				34328E681CE6B7810086B5DD /* Resources */,
			);
			buildRules = (
			);
			dependencies = (
			);
			name = DataEncryption;
			productName = DataEncryption;
			productReference = 34328E6A1CE6B7810086B5DD /* DataEncryption.app */;
			productType = "com.apple.product-type.application";
		};
/* End PBXNativeTarget section */

/* Begin PBXProject section */
		34328E621CE6B7810086B5DD /* Project object */ = {
			isa = PBXProject;
			attributes = {
				LastUpgradeCheck = 0720;
				ORGANIZATIONNAME = lanouhn;
				TargetAttributes = {
					34328E691CE6B7810086B5DD = {
						CreatedOnToolsVersion = 7.2;
					};
				};
			};
			buildConfigurationList = 34328E651CE6B7810086B5DD /* Build configuration list for PBXProject "DataEncryption" */;
			compatibilityVersion = "Xcode 3.2";
			developmentRegion = English;
			hasScannedForEncodings = 0;
			knownRegions = (
				en,
				Base,
			);
			mainGroup = 34328E611CE6B7810086B5DD;
			productRefGroup = 34328E6B1CE6B7810086B5DD /* Products */;
			projectDirPath = "";
			projectRoot = "";
			targets = (
				34328E691CE6B7810086B5DD /* DataEncryption */,
			);
		};
/* End PBXProject section */

/* Begin PBXResourcesBuildPhase section */
		34328E681CE6B7810086B5DD /* Resources */ = {
			isa = PBXResourcesBuildPhase;
			buildActionMask = 2147483647;
			files = (
				34328E7D1CE6B7810086B5DD /* LaunchScreen.storyboard in Resources */,
				34BCC7171CE6BE6D0049B6A2 /* img.png in Resources */,
				34328E7A1CE6B7810086B5DD /* Assets.xcassets in Resources */,
				34328E781CE6B7810086B5DD /* Main.storyboard in Resources */,
			);
			runOnlyForDeploymentPostprocessing = 0;
		};
/* End PBXResourcesBuildPhase section */

/* Begin PBXSourcesBuildPhase section */
		34328E661CE6B7810086B5DD /* Sources */ = {
			isa = PBXSourcesBuildPhase;
			buildActionMask = 2147483647;
			files = (
				34BCC7251CE6F5D00049B6A2 /* RSA.m in Sources */,
				34BCC7211CE6D5880049B6A2 /* README.md in Sources */,
				34328E751CE6B7810086B5DD /* ViewController.m in Sources */,
				34328E721CE6B7810086B5DD /* AppDelegate.m in Sources */,
				34BCC7291CE6FA560049B6A2 /* KeychainItemWrapper.m in Sources */,
				34BCC7201CE6D5880049B6A2 /* GTMBase64.m in Sources */,
				34BCC71A1CE6C9080049B6A2 /* Person.m in Sources */,
				34328E6F1CE6B7810086B5DD /* main.m in Sources */,
			);
			runOnlyForDeploymentPostprocessing = 0;
		};
/* End PBXSourcesBuildPhase section */

/* Begin PBXVariantGroup section */
		34328E761CE6B7810086B5DD /* Main.storyboard */ = {
			isa = PBXVariantGroup;
			children = (
				34328E771CE6B7810086B5DD /* Base */,
			);
			name = Main.storyboard;
			sourceTree = "<group>";
		};
		34328E7B1CE6B7810086B5DD /* LaunchScreen.storyboard */ = {
			isa = PBXVariantGroup;
			children = (
				34328E7C1CE6B7810086B5DD /* Base */,
			);
			name = LaunchScreen.storyboard;
			sourceTree = "<group>";
		};
/* End PBXVariantGroup section */

/* Begin XCBuildConfiguration section */
		34328E7F1CE6B7810086B5DD /* Debug */ = {
			isa = XCBuildConfiguration;
			buildSettings = {
				ALWAYS_SEARCH_USER_PATHS = NO;
				CLANG_CXX_LANGUAGE_STANDARD = "gnu++0x";
				CLANG_CXX_LIBRARY = "libc++";
				CLANG_ENABLE_MODULES = YES;
				CLANG_ENABLE_OBJC_ARC = YES;
				CLANG_WARN_BOOL_CONVERSION = YES;
				CLANG_WARN_CONSTANT_CONVERSION = YES;
				CLANG_WARN_DIRECT_OBJC_ISA_USAGE = YES_ERROR;
				CLANG_WARN_EMPTY_BODY = YES;
				CLANG_WARN_ENUM_CONVERSION = YES;
				CLANG_WARN_INT_CONVERSION = YES;
				CLANG_WARN_OBJC_ROOT_CLASS = YES_ERROR;
				CLANG_WARN_UNREACHABLE_CODE = YES;
				CLANG_WARN__DUPLICATE_METHOD_MATCH = YES;
				"CODE_SIGN_IDENTITY[sdk=iphoneos*]" = "iPhone Developer";
				COPY_PHASE_STRIP = NO;
				DEBUG_INFORMATION_FORMAT = dwarf;
				ENABLE_STRICT_OBJC_MSGSEND = YES;
				ENABLE_TESTABILITY = YES;
				GCC_C_LANGUAGE_STANDARD = gnu99;
				GCC_DYNAMIC_NO_PIC = NO;
				GCC_NO_COMMON_BLOCKS = YES;
				GCC_OPTIMIZATION_LEVEL = 0;
				GCC_PREPROCESSOR_DEFINITIONS = (
					"DEBUG=1",
					"$(inherited)",
				);
				GCC_WARN_64_TO_32_BIT_CONVERSION = YES;
				GCC_WARN_ABOUT_RETURN_TYPE = YES_ERROR;
				GCC_WARN_UNDECLARED_SELECTOR = YES;
				GCC_WARN_UNINITIALIZED_AUTOS = YES_AGGRESSIVE;
				GCC_WARN_UNUSED_FUNCTION = YES;
				GCC_WARN_UNUSED_VARIABLE = YES;
				IPHONEOS_DEPLOYMENT_TARGET = 9.2;
				MTL_ENABLE_DEBUG_INFO = YES;
				ONLY_ACTIVE_ARCH = YES;
				SDKROOT = iphoneos;
				TARGETED_DEVICE_FAMILY = "1,2";
			};
			name = Debug;
		};
		34328E801CE6B7810086B5DD /* Release */ = {
			isa = XCBuildConfiguration;
			buildSettings = {
				ALWAYS_SEARCH_USER_PATHS = NO;
				CLANG_CXX_LANGUAGE_STANDARD = "gnu++0x";
				CLANG_CXX_LIBRARY = "libc++";
				CLANG_ENABLE_MODULES = YES;
				CLANG_ENABLE_OBJC_ARC = YES;
				CLANG_WARN_BOOL_CONVERSION = YES;
				CLANG_WARN_CONSTANT_CONVERSION = YES;
				CLANG_WARN_DIRECT_OBJC_ISA_USAGE = YES_ERROR;
				CLANG_WARN_EMPTY_BODY = YES;
				CLANG_WARN_ENUM_CONVERSION = YES;
				CLANG_WARN_INT_CONVERSION = YES;
				CLANG_WARN_OBJC_ROOT_CLASS = YES_ERROR;
				CLANG_WARN_UNREACHABLE_CODE = YES;
				CLANG_WARN__DUPLICATE_METHOD_MATCH = YES;
				"CODE_SIGN_IDENTITY[sdk=iphoneos*]" = "iPhone Developer";
				COPY_PHASE_STRIP = NO;
				DEBUG_INFORMATION_FORMAT = "dwarf-with-dsym";
				ENABLE_NS_ASSERTIONS = NO;
				ENABLE_STRICT_OBJC_MSGSEND = YES;
				GCC_C_LANGUAGE_STANDARD = gnu99;
				GCC_NO_COMMON_BLOCKS = YES;
				GCC_WARN_64_TO_32_BIT_CONVERSION = YES;
				GCC_WARN_ABOUT_RETURN_TYPE = YES_ERROR;
				GCC_WARN_UNDECLARED_SELECTOR = YES;
				GCC_WARN_UNINITIALIZED_AUTOS = YES_AGGRESSIVE;
				GCC_WARN_UNUSED_FUNCTION = YES;
				GCC_WARN_UNUSED_VARIABLE = YES;
				IPHONEOS_DEPLOYMENT_TARGET = 9.2;
				MTL_ENABLE_DEBUG_INFO = NO;
				SDKROOT = iphoneos;
				TARGETED_DEVICE_FAMILY = "1,2";
				VALIDATE_PRODUCT = YES;
			};
			name = Release;
		};
		34328E821CE6B7810086B5DD /* Debug */ = {
			isa = XCBuildConfiguration;
			buildSettings = {
				ASSETCATALOG_COMPILER_APPICON_NAME = AppIcon;
				INFOPLIST_FILE = DataEncryption/Info.plist;
				LD_RUNPATH_SEARCH_PATHS = "$(inherited) @executable_path/Frameworks";
				PRODUCT_BUNDLE_IDENTIFIER = Game.DataEncryption;
				PRODUCT_NAME = "$(TARGET_NAME)";
			};
			name = Debug;
		};
		34328E831CE6B7810086B5DD /* Release */ = {
			isa = XCBuildConfiguration;
			buildSettings = {
				ASSETCATALOG_COMPILER_APPICON_NAME = AppIcon;
				INFOPLIST_FILE = DataEncryption/Info.plist;
				LD_RUNPATH_SEARCH_PATHS = "$(inherited) @executable_path/Frameworks";
				PRODUCT_BUNDLE_IDENTIFIER = Game.DataEncryption;
				PRODUCT_NAME = "$(TARGET_NAME)";
			};
			name = Release;
		};
/* End XCBuildConfiguration section */

/* Begin XCConfigurationList section */
		34328E651CE6B7810086B5DD /* Build configuration list for PBXProject "DataEncryption" */ = {
			isa = XCConfigurationList;
			buildConfigurations = (
				34328E7F1CE6B7810086B5DD /* Debug */,
				34328E801CE6B7810086B5DD /* Release */,
			);
			defaultConfigurationIsVisible = 0;
			defaultConfigurationName = Release;
		};
		34328E811CE6B7810086B5DD /* Build configuration list for PBXNativeTarget "DataEncryption" */ = {
			isa = XCConfigurationList;
			buildConfigurations = (
				34328E821CE6B7810086B5DD /* Debug */,
				34328E831CE6B7810086B5DD /* Release */,
			);
			defaultConfigurationIsVisible = 0;
			defaultConfigurationName = Release;
		};
/* End XCConfigurationList section */
	};
	rootObject = 34328E621CE6B7810086B5DD /* Project object */;
}
